
Microsoft Visual Studio Solution File, Format Version 12.00
# Visual Studio Version 16
VisualStudioVersion = 16.0.31605.320
MinimumVisualStudioVersion = 10.0.40219.1
Project("{9A19103F-16F7-4668-BE54-9A1E7A4F7556}") = "ThreadPool1", "ThreadPool1\ThreadPool1.csproj", "{70E7E729-CB15-46A9-97C6-AF4B17C0260D}"
EndProject
Project("{9A19103F-16F7-4668-BE54-9A1E7A4F7556}") = "ThreadSyn1", "ThreadSyn1\ThreadSyn1.csproj", "{EC01A800-0A91-4CFB-A90D-426D5CD75FE9}"
EndProject
Project("{9A19103F-16F7-4668-BE54-9A1E7A4F7556}") = "ThreadSyn2", "ThreadSyn2\ThreadSyn2.csproj", "{FE4D85FF-A221-44AD-8B1C-D44937288FE6}"
EndProject
Project("{9A19103F-16F7-4668-BE54-9A1E7A4F7556}") = "Threading1and2", "Threading1and2\Threading1and2.csproj", "{347538B0-1353-41C2-AA48-D2CDE4F82FF4}"
EndProject
Project("{9A19103F-16F7-4668-BE54-9A1E7A4F7556}") = "Threading3", "Threading3\Threading3.csproj", "{5AB0B875-CC25-4590-9AF1-66756D4DB6A9}"
EndProject
Project("{9A19103F-16F7-4668-BE54-9A1E7A4F7556}") = "Threading4", "Threading4\Threading4.csproj", "{F284CA91-08EC-4B40-9F26-AFF92CF5D2FF}"
EndProject
Project("{9A19103F-16F7-4668-BE54-9A1E7A4F7556}") = "Undervisning1", "Undervisning1\Undervisning1.csproj", "{07A0E474-024A-48F6-8D13-4750B3E03F4A}"
EndProject
Project("{9A19103F-16F7-4668-BE54-9A1E7A4F7556}") = "DiningPhilopher", "DiningPhilopher\DiningPhilopher.csproj", "{4EE74930-1A0D-40A4-A779-E7D7C1320F45}"
EndProject
Project("{FAE04EC0-301F-11D3-BF4B-00C04F79EFBC}") = "ThreadingSyn4", "ThreadingSyn4\ThreadingSyn4.csproj", "{E02219E1-44BC-432B-B4EC-B51547E33B3B}"
EndProject
Project("{FAE04EC0-301F-11D3-BF4B-00C04F79EFBC}") = "Flaskeautomaten", "Flaskeautomaten\Flaskeautomaten.csproj", "{552920C9-5FEF-4F8A-8055-87579A375C3F}"
EndProject
Global
	GlobalSection(SolutionConfigurationPlatforms) = preSolution
		Debug|Any CPU = Debug|Any CPU
		Release|Any CPU = Release|Any CPU
	EndGlobalSection
	GlobalSection(ProjectConfigurationPlatforms) = postSolution
		{70E7E729-CB15-46A9-97C6-AF4B17C0260D}.Debug|Any CPU.ActiveCfg = Debug|Any CPU
		{70E7E729-CB15-46A9-97C6-AF4B17C0260D}.Debug|Any CPU.Build.0 = Debug|Any CPU
		{70E7E729-CB15-46A9-97C6-AF4B17C0260D}.Release|Any CPU.ActiveCfg = Release|Any CPU
		{70E7E729-CB15-46A9-97C6-AF4B17C0260D}.Release|Any CPU.Build.0 = Release|Any CPU
		{EC01A800-0A91-4CFB-A90D-426D5CD75FE9}.Debug|Any CPU.ActiveCfg = Debug|Any CPU
		{EC01A800-0A91-4CFB-A90D-426D5CD75FE9}.Debug|Any CPU.Build.0 = Debug|Any CPU
		{EC01A800-0A91-4CFB-A90D-426D5CD75FE9}.Release|Any CPU.ActiveCfg = Release|Any CPU
		{EC01A800-0A91-4CFB-A90D-426D5CD75FE9}.Release|Any CPU.Build.0 = Release|Any CPU
		{FE4D85FF-A221-44AD-8B1C-D44937288FE6}.Debug|Any CPU.ActiveCfg = Debug|Any CPU
		{FE4D85FF-A221-44AD-8B1C-D44937288FE6}.Debug|Any CPU.Build.0 = Debug|Any CPU
		{FE4D85FF-A221-44AD-8B1C-D44937288FE6}.Release|Any CPU.ActiveCfg = Release|Any CPU
		{FE4D85FF-A221-44AD-8B1C-D44937288FE6}.Release|Any CPU.Build.0 = Release|Any CPU
		{347538B0-1353-41C2-AA48-D2CDE4F82FF4}.Debug|Any CPU.ActiveCfg = Debug|Any CPU
		{347538B0-1353-41C2-AA48-D2CDE4F82FF4}.Debug|Any CPU.Build.0 = Debug|Any CPU
		{347538B0-1353-41C2-AA48-D2CDE4F82FF4}.Release|Any CPU.ActiveCfg = Release|Any CPU
		{347538B0-1353-41C2-AA48-D2CDE4F82FF4}.Release|Any CPU.Build.0 = Release|Any CPU
		{5AB0B875-CC25-4590-9AF1-66756D4DB6A9}.Debug|Any CPU.ActiveCfg = Debug|Any CPU
		{5AB0B875-CC25-4590-9AF1-66756D4DB6A9}.Debug|Any CPU.Build.0 = Debug|Any CPU
		{5AB0B875-CC25-4590-9AF1-66756D4DB6A9}.Release|Any CPU.ActiveCfg = Release|Any CPU
		{5AB0B875-CC25-4590-9AF1-66756D4DB6A9}.Release|Any CPU.Build.0 = Release|Any CPU
		{F284CA91-08EC-4B40-9F26-AFF92CF5D2FF}.Debug|Any CPU.ActiveCfg = Debug|Any CPU
		{F284CA91-08EC-4B40-9F26-AFF92CF5D2FF}.Debug|Any CPU.Build.0 = Debug|Any CPU
		{F284CA91-08EC-4B40-9F26-AFF92CF5D2FF}.Release|Any CPU.ActiveCfg = Release|Any CPU
		{F284CA91-08EC-4B40-9F26-AFF92CF5D2FF}.Release|Any CPU.Build.0 = Release|Any CPU
		{07A0E474-024A-48F6-8D13-4750B3E03F4A}.Debug|Any CPU.ActiveCfg = Debug|Any CPU
		{07A0E474-024A-48F6-8D13-4750B3E03F4A}.Debug|Any CPU.Build.0 = Debug|Any CPU
		{07A0E474-024A-48F6-8D13-4750B3E03F4A}.Release|Any CPU.ActiveCfg = Release|Any CPU
		{07A0E474-024A-48F6-8D13-4750B3E03F4A}.Release|Any CPU.Build.0 = Release|Any CPU
		{4EE74930-1A0D-40A4-A779-E7D7C1320F45}.Debug|Any CPU.ActiveCfg = Debug|Any CPU
		{4EE74930-1A0D-40A4-A779-E7D7C1320F45}.Debug|Any CPU.Build.0 = Debug|Any CPU
		{4EE74930-1A0D-40A4-A779-E7D7C1320F45}.Release|Any CPU.ActiveCfg = Release|Any CPU
		{4EE74930-1A0D-40A4-A779-E7D7C1320F45}.Release|Any CPU.Build.0 = Release|Any CPU
		{E02219E1-44BC-432B-B4EC-B51547E33B3B}.Debug|Any CPU.ActiveCfg = Debug|Any CPU
		{E02219E1-44BC-432B-B4EC-B51547E33B3B}.Debug|Any CPU.Build.0 = Debug|Any CPU
		{E02219E1-44BC-432B-B4EC-B51547E33B3B}.Release|Any CPU.ActiveCfg = Release|Any CPU
		{E02219E1-44BC-432B-B4EC-B51547E33B3B}.Release|Any CPU.Build.0 = Release|Any CPU
		{552920C9-5FEF-4F8A-8055-87579A375C3F}.Debug|Any CPU.ActiveCfg = Debug|Any CPU
		{552920C9-5FEF-4F8A-8055-87579A375C3F}.Debug|Any CPU.Build.0 = Debug|Any CPU
		{552920C9-5FEF-4F8A-8055-87579A375C3F}.Release|Any CPU.ActiveCfg = Release|Any CPU
		{552920C9-5FEF-4F8A-8055-87579A375C3F}.Release|Any CPU.Build.0 = Release|Any CPU
	EndGlobalSection
	GlobalSection(SolutionProperties) = preSolution
		HideSolutionNode = FALSE
	EndGlobalSection
	GlobalSection(ExtensibilityGlobals) = postSolution
		SolutionGuid = {B7A87C3B-F93B-478A-A828-5B8F3DC485FE}
	EndGlobalSection
EndGlobal
